
Microsoft Visual Studio Solution File, Format Version 12.00
# Visual Studio Version 16
VisualStudioVersion = 16.0.30413.136
MinimumVisualStudioVersion = 10.0.40219.1
Project("{9A19103F-16F7-4668-BE54-9A1E7A4F7556}") = "Web", "Web.csproj", "{31BB42C9-4309-4412-BAC4-386879342F21}"
EndProject
Global
	GlobalSection(SolutionConfigurationPlatforms) = preSolution
		Debug|Any CPU = Debug|Any CPU
		Release|Any CPU = Release|Any CPU
	EndGlobalSection
	GlobalSection(ProjectConfigurationPlatforms) = postSolution
		{31BB42C9-4309-4412-BAC4-386879342F21}.Debug|Any CPU.ActiveCfg = Debug|Any CPU
		{31BB42C9-4309-4412-BAC4-386879342F21}.Debug|Any CPU.Build.0 = Debug|Any CPU
		{31BB42C9-4309-4412-BAC4-386879342F21}.Release|Any CPU.ActiveCfg = Release|Any CPU
		{31BB42C9-4309-4412-BAC4-386879342F21}.Release|Any CPU.Build.0 = Release|Any CPU
	EndGlobalSection
	GlobalSection(SolutionProperties) = preSolution
		HideSolutionNode = FALSE
	EndGlobalSection
	GlobalSection(ExtensibilityGlobals) = postSolution
		SolutionGuid = {91E918AA-1B45-45F3-A11C-490FC4EABE2F}
	EndGlobalSection
EndGlobal
